{
  "originHash" : "1c06d499c65a88d8162f525ef79d71a98ce3f5a75d0bde0dfdd80b6eb145c777",
  "pins" : [
    {
      "identity" : "tgnavigationstack",
      "kind" : "remoteSourceControl",
      "location" : "https://github.com/tangzzz-fan/TGNavigationStack",
      "state" : {
        "branch" : "main",
        "revision" : "ef64aa8b77a0d10f7f13ac80e65ab5e7faca91ff"
      }
    }
  ],
  "version" : 3
}
