// !$*UTF8*$!
{
	archiveVersion = 1;
	classes = {
	};
	objectVersion = 77;
	objects = {

/* Begin PBXBuildFile section */
		181A97762F17EB0100053FDC /* TGReduxKit in Frameworks */ = {isa = PBXBuildFile; productRef = 181A97752F17EB0100053FDC /* TGReduxKit */; };
		182584882F17E6350088449D /* TGReduxKit in Frameworks */ = {isa = PBXBuildFile; productRef = 182584872F17E6350088449D /* TGReduxKit */; };
		18F0A0012F17E6350088449D /* TGNavigationStack in Frameworks */ = {isa = PBXBuildFile; productRef = 18F0A0002F17E6350088449D /* TGNavigationStack */; };
		18F0A0112F17E6350088449D /* Shopping in Frameworks */ = {isa = PBXBuildFile; productRef = 18F0A0102F17E6350088449D /* Shopping */; };
		18F0A0132F17E6350088449D /* Shopping in Frameworks */ = {isa = PBXBuildFile; productRef = 18F0A0142F17E6350088449D /* Shopping */; };
/* End PBXBuildFile section */

/* Begin PBXContainerItemProxy section */
		182584372F17E3270088449D /* PBXContainerItemProxy */ = {
			isa = PBXContainerItemProxy;
			containerPortal = 182584212F17E3260088449D /* Project object */;
			proxyType = 1;
			remoteGlobalIDString = 182584282F17E3260088449D;
			remoteInfo = TGReduxKitDemo;
		};
		182584412F17E3270088449D /* PBXContainerItemProxy */ = {
			isa = PBXContainerItemProxy;
			containerPortal = 182584212F17E3260088449D /* Project object */;
			proxyType = 1;
			remoteGlobalIDString = 182584282F17E3260088449D;
			remoteInfo = TGReduxKitDemo;
		};
/* End PBXContainerItemProxy section */

/* Begin PBXFileReference section */
		182584292F17E3260088449D /* TGReduxKitDemo.app */ = {isa = PBXFileReference; explicitFileType = wrapper.application; includeInIndex = 0; path = TGReduxKitDemo.app; sourceTree = BUILT_PRODUCTS_DIR; };
		182584362F17E3270088449D /* TGReduxKitDemoTests.xctest */ = {isa = PBXFileReference; explicitFileType = wrapper.cfbundle; includeInIndex = 0; path = TGReduxKitDemoTests.xctest; sourceTree = BUILT_PRODUCTS_DIR; };
		182584402F17E3270088449D /* TGReduxKitDemoUITests.xctest */ = {isa = PBXFileReference; explicitFileType = wrapper.cfbundle; includeInIndex = 0; path = TGReduxKitDemoUITests.xctest; sourceTree = BUILT_PRODUCTS_DIR; };
/* End PBXFileReference section */

/* Begin PBXFileSystemSynchronizedRootGroup section */
		1825842B2F17E3260088449D /* TGReduxKitDemo */ = {
			isa = PBXFileSystemSynchronizedRootGroup;
			path = TGReduxKitDemo;
			sourceTree = "<group>";
		};
		182584392F17E3270088449D /* TGReduxKitDemoTests */ = {
			isa = PBXFileSystemSynchronizedRootGroup;
			path = TGReduxKitDemoTests;
			sourceTree = "<group>";
		};
		182584432F17E3270088449D /* TGReduxKitDemoUITests */ = {
			isa = PBXFileSystemSynchronizedRootGroup;
			path = TGReduxKitDemoUITests;
			sourceTree = "<group>";
		};
/* End PBXFileSystemSynchronizedRootGroup section */

/* Begin PBXFrameworksBuildPhase section */
		182584262F17E3260088449D /* Frameworks */ = {
			isa = PBXFrameworksBuildPhase;
			buildActionMask = 2147483647;
			files = (
				18F0A0012F17E6350088449D /* TGNavigationStack in Frameworks */,
				18F0A0112F17E6350088449D /* Shopping in Frameworks */,
				182584882F17E6350088449D /* TGReduxKit in Frameworks */,
				181A97762F17EB0100053FDC /* TGReduxKit in Frameworks */,
			);
			runOnlyForDeploymentPostprocessing = 0;
		};
		182584332F17E3270088449D /* Frameworks */ = {
			isa = PBXFrameworksBuildPhase;
			buildActionMask = 2147483647;
			files = (
				18F0A0132F17E6350088449D /* Shopping in Frameworks */,
			);
			runOnlyForDeploymentPostprocessing = 0;
		};
		1825843D2F17E3270088449D /* Frameworks */ = {
			isa = PBXFrameworksBuildPhase;
			buildActionMask = 2147483647;
			files = (
			);
			runOnlyForDeploymentPostprocessing = 0;
		};
/* End PBXFrameworksBuildPhase section */

/* Begin PBXGroup section */
		182584202F17E3260088449D = {
			isa = PBXGroup;
			children = (
				1825842B2F17E3260088449D /* TGReduxKitDemo */,
				182584392F17E3270088449D /* TGReduxKitDemoTests */,
				182584432F17E3270088449D /* TGReduxKitDemoUITests */,
				1825842A2F17E3260088449D /* Products */,
			);
			sourceTree = "<group>";
		};
		1825842A2F17E3260088449D /* Products */ = {
			isa = PBXGroup;
			children = (
				182584292F17E3260088449D /* TGReduxKitDemo.app */,
				182584362F17E3270088449D /* TGReduxKitDemoTests.xctest */,
				182584402F17E3270088449D /* TGReduxKitDemoUITests.xctest */,
			);
			name = Products;
			sourceTree = "<group>";
		};
/* End PBXGroup section */

/* Begin PBXNativeTarget section */
		182584282F17E3260088449D /* TGReduxKitDemo */ = {
			isa = PBXNativeTarget;
			buildConfigurationList = 1825844A2F17E3270088449D /* Build configuration list for PBXNativeTarget "TGReduxKitDemo" */;
			buildPhases = (
				182584252F17E3260088449D /* Sources */,
				182584262F17E3260088449D /* Frameworks */,
				182584272F17E3260088449D /* Resources */,
			);
			buildRules = (
			);
			dependencies = (
			);
			fileSystemSynchronizedGroups = (
				1825842B2F17E3260088449D /* TGReduxKitDemo */,
			);
			name = TGReduxKitDemo;
			packageProductDependencies = (
				18F0A0002F17E6350088449D /* TGNavigationStack */,
				18F0A0102F17E6350088449D /* Shopping */,
				182584872F17E6350088449D /* TGReduxKit */,
				181A97752F17EB0100053FDC /* TGReduxKit */,
			);
			productName = TGReduxKitDemo;
			productReference = 182584292F17E3260088449D /* TGReduxKitDemo.app */;
			productType = "com.apple.product-type.application";
		};
		182584352F17E3270088449D /* TGReduxKitDemoTests */ = {
			isa = PBXNativeTarget;
			buildConfigurationList = 1825844D2F17E3270088449D /* Build configuration list for PBXNativeTarget "TGReduxKitDemoTests" */;
			buildPhases = (
				182584322F17E3270088449D /* Sources */,
				182584332F17E3270088449D /* Frameworks */,
				182584342F17E3270088449D /* Resources */,
			);
			buildRules = (
			);
			dependencies = (
				182584382F17E3270088449D /* PBXTargetDependency */,
			);
			fileSystemSynchronizedGroups = (
				182584392F17E3270088449D /* TGReduxKitDemoTests */,
			);
			name = TGReduxKitDemoTests;
			packageProductDependencies = (
				18F0A0142F17E6350088449D /* Shopping */,
			);
			productName = TGReduxKitDemoTests;
			productReference = 182584362F17E3270088449D /* TGReduxKitDemoTests.xctest */;
			productType = "com.apple.product-type.bundle.unit-test";
		};
		1825843F2F17E3270088449D /* TGReduxKitDemoUITests */ = {
			isa = PBXNativeTarget;
			buildConfigurationList = 182584502F17E3270088449D /* Build configuration list for PBXNativeTarget "TGReduxKitDemoUITests" */;
			buildPhases = (
				1825843C2F17E3270088449D /* Sources */,
				1825843D2F17E3270088449D /* Frameworks */,
				1825843E2F17E3270088449D /* Resources */,
			);
			buildRules = (
			);
			dependencies = (
				182584422F17E3270088449D /* PBXTargetDependency */,
			);
			fileSystemSynchronizedGroups = (
				182584432F17E3270088449D /* TGReduxKitDemoUITests */,
			);
			name = TGReduxKitDemoUITests;
			packageProductDependencies = (
			);
			productName = TGReduxKitDemoUITests;
			productReference = 182584402F17E3270088449D /* TGReduxKitDemoUITests.xctest */;
			productType = "com.apple.product-type.bundle.ui-testing";
		};
/* End PBXNativeTarget section */

/* Begin PBXProject section */
		182584212F17E3260088449D /* Project object */ = {
			isa = PBXProject;
			attributes = {
				BuildIndependentTargetsInParallel = 1;
				LastSwiftUpdateCheck = 2620;
				LastUpgradeCheck = 2660;
				TargetAttributes = {
					182584282F17E3260088449D = {
						CreatedOnToolsVersion = 26.2;
					};
					182584352F17E3270088449D = {
						CreatedOnToolsVersion = 26.2;
						TestTargetID = 182584282F17E3260088449D;
					};
					1825843F2F17E3270088449D = {
						CreatedOnToolsVersion = 26.2;
						TestTargetID = 182584282F17E3260088449D;
					};
				};
			};
			buildConfigurationList = 182584242F17E3260088449D /* Build configuration list for PBXProject "TGReduxKitDemo" */;
			developmentRegion = en;
			hasScannedForEncodings = 0;
			knownRegions = (
				en,
				Base,
			);
			mainGroup = 182584202F17E3260088449D;
			minimizedProjectReferenceProxies = 1;
			packageReferences = (
				181A97742F17EB0100053FDC /* XCLocalSwiftPackageReference "../../../TGReduxKit" */,
				18F0A0032F17E6350088449D /* XCLocalSwiftPackageReference "../../../TGNavigationStack" */,
				18F0A0122F17E6350088449D /* XCLocalSwiftPackageReference "Shopping" */,
			);
			preferredProjectObjectVersion = 77;
			productRefGroup = 1825842A2F17E3260088449D /* Products */;
			projectDirPath = "";
			projectRoot = "";
			targets = (
				182584282F17E3260088449D /* TGReduxKitDemo */,
				182584352F17E3270088449D /* TGReduxKitDemoTests */,
				1825843F2F17E3270088449D /* TGReduxKitDemoUITests */,
			);
		};
/* End PBXProject section */

/* Begin PBXResourcesBuildPhase section */
		182584272F17E3260088449D /* Resources */ = {
			isa = PBXResourcesBuildPhase;
			buildActionMask = 2147483647;
			files = (
			);
			runOnlyForDeploymentPostprocessing = 0;
		};
		182584342F17E3270088449D /* Resources */ = {
			isa = PBXResourcesBuildPhase;
			buildActionMask = 2147483647;
			files = (
			);
			runOnlyForDeploymentPostprocessing = 0;
		};
		1825843E2F17E3270088449D /* Resources */ = {
			isa = PBXResourcesBuildPhase;
			buildActionMask = 2147483647;
			files = (
			);
			runOnlyForDeploymentPostprocessing = 0;
		};
/* End PBXResourcesBuildPhase section */

/* Begin PBXSourcesBuildPhase section */
		182584252F17E3260088449D /* Sources */ = {
			isa = PBXSourcesBuildPhase;
			buildActionMask = 2147483647;
			files = (
			);
			runOnlyForDeploymentPostprocessing = 0;
		};
		182584322F17E3270088449D /* Sources */ = {
			isa = PBXSourcesBuildPhase;
			buildActionMask = 2147483647;
			files = (
			);
			runOnlyForDeploymentPostprocessing = 0;
		};
		1825843C2F17E3270088449D /* Sources */ = {
			isa = PBXSourcesBuildPhase;
			buildActionMask = 2147483647;
			files = (
			);
			runOnlyForDeploymentPostprocessing = 0;
		};
/* End PBXSourcesBuildPhase section */

/* Begin PBXTargetDependency section */
		182584382F17E3270088449D /* PBXTargetDependency */ = {
			isa = PBXTargetDependency;
			target = 182584282F17E3260088449D /* TGReduxKitDemo */;
			targetProxy = 182584372F17E3270088449D /* PBXContainerItemProxy */;
		};
		182584422F17E3270088449D /* PBXTargetDependency */ = {
			isa = PBXTargetDependency;
			target = 182584282F17E3260088449D /* TGReduxKitDemo */;
			targetProxy = 182584412F17E3270088449D /* PBXContainerItemProxy */;
		};
/* End PBXTargetDependency section */

/* Begin XCBuildConfiguration section */
		182584482F17E3270088449D /* Debug */ = {
			isa = XCBuildConfiguration;
			buildSettings = {
				ALWAYS_SEARCH_USER_PATHS = NO;
				ASSETCATALOG_COMPILER_GENERATE_SWIFT_ASSET_SYMBOL_EXTENSIONS = YES;
				CLANG_ANALYZER_NONNULL = YES;
				CLANG_ANALYZER_NUMBER_OBJECT_CONVERSION = YES_AGGRESSIVE;
				CLANG_CXX_LANGUAGE_STANDARD = "gnu++20";
				CLANG_ENABLE_MODULES = YES;
				CLANG_ENABLE_OBJC_ARC = YES;
				CLANG_ENABLE_OBJC_WEAK = YES;
				CLANG_WARN_BLOCK_CAPTURE_AUTORELEASING = YES;
				CLANG_WARN_BOOL_CONVERSION = YES;
				CLANG_WARN_COMMA = YES;
				CLANG_WARN_CONSTANT_CONVERSION = YES;
				CLANG_WARN_DEPRECATED_OBJC_IMPLEMENTATIONS = YES;
				CLANG_WARN_DIRECT_OBJC_ISA_USAGE = YES_ERROR;
				CLANG_WARN_DOCUMENTATION_COMMENTS = YES;
				CLANG_WARN_EMPTY_BODY = YES;
				CLANG_WARN_ENUM_CONVERSION = YES;
				CLANG_WARN_INFINITE_RECURSION = YES;
				CLANG_WARN_INT_CONVERSION = YES;
				CLANG_WARN_NON_LITERAL_NULL_CONVERSION = YES;
				CLANG_WARN_OBJC_IMPLICIT_RETAIN_SELF = YES;
				CLANG_WARN_OBJC_LITERAL_CONVERSION = YES;
				CLANG_WARN_OBJC_ROOT_CLASS = YES_ERROR;
				CLANG_WARN_QUOTED_INCLUDE_IN_FRAMEWORK_HEADER = YES;
				CLANG_WARN_RANGE_LOOP_ANALYSIS = YES;
				CLANG_WARN_STRICT_PROTOTYPES = YES;
				CLANG_WARN_SUSPICIOUS_MOVE = YES;
				CLANG_WARN_UNGUARDED_AVAILABILITY = YES_AGGRESSIVE;
				CLANG_WARN_UNREACHABLE_CODE = YES;
				CLANG_WARN__DUPLICATE_METHOD_MATCH = YES;
				COPY_PHASE_STRIP = NO;
				DEBUG_INFORMATION_FORMAT = dwarf;
				DEVELOPMENT_TEAM = UKXWZ3FS84;
				ENABLE_STRICT_OBJC_MSGSEND = YES;
				ENABLE_TESTABILITY = YES;
				ENABLE_USER_SCRIPT_SANDBOXING = YES;
				GCC_C_LANGUAGE_STANDARD = gnu17;
				GCC_DYNAMIC_NO_PIC = NO;
				GCC_NO_COMMON_BLOCKS = YES;
				GCC_OPTIMIZATION_LEVEL = 0;
				GCC_PREPROCESSOR_DEFINITIONS = (
					"DEBUG=1",
					"$(inherited)",
				);
				GCC_WARN_64_TO_32_BIT_CONVERSION = YES;
				GCC_WARN_ABOUT_RETURN_TYPE = YES_ERROR;
				GCC_WARN_UNDECLARED_SELECTOR = YES;
				GCC_WARN_UNINITIALIZED_AUTOS = YES_AGGRESSIVE;
				GCC_WARN_UNUSED_FUNCTION = YES;
				GCC_WARN_UNUSED_VARIABLE = YES;
				IPHONEOS_DEPLOYMENT_TARGET = 26.2;
				LOCALIZATION_PREFERS_STRING_CATALOGS = YES;
				MTL_ENABLE_DEBUG_INFO = INCLUDE_SOURCE;
				MTL_FAST_MATH = YES;
				ONLY_ACTIVE_ARCH = YES;
				SDKROOT = iphoneos;
				STRING_CATALOG_GENERATE_SYMBOLS = YES;
				SWIFT_ACTIVE_COMPILATION_CONDITIONS = "DEBUG $(inherited)";
				SWIFT_OPTIMIZATION_LEVEL = "-Onone";
			};
			name = Debug;
		};
		182584492F17E3270088449D /* Release */ = {
			isa = XCBuildConfiguration;
			buildSettings = {
				ALWAYS_SEARCH_USER_PATHS = NO;
				ASSETCATALOG_COMPILER_GENERATE_SWIFT_ASSET_SYMBOL_EXTENSIONS = YES;
				CLANG_ANALYZER_NONNULL = YES;
				CLANG_ANALYZER_NUMBER_OBJECT_CONVERSION = YES_AGGRESSIVE;
				CLANG_CXX_LANGUAGE_STANDARD = "gnu++20";
				CLANG_ENABLE_MODULES = YES;
				CLANG_ENABLE_OBJC_ARC = YES;
				CLANG_ENABLE_OBJC_WEAK = YES;
				CLANG_WARN_BLOCK_CAPTURE_AUTORELEASING = YES;
				CLANG_WARN_BOOL_CONVERSION = YES;
				CLANG_WARN_COMMA = YES;
				CLANG_WARN_CONSTANT_CONVERSION = YES;
				CLANG_WARN_DEPRECATED_OBJC_IMPLEMENTATIONS = YES;
				CLANG_WARN_DIRECT_OBJC_ISA_USAGE = YES_ERROR;
				CLANG_WARN_DOCUMENTATION_COMMENTS = YES;
				CLANG_WARN_EMPTY_BODY = YES;
				CLANG_WARN_ENUM_CONVERSION = YES;
				CLANG_WARN_INFINITE_RECURSION = YES;
				CLANG_WARN_INT_CONVERSION = YES;
				CLANG_WARN_NON_LITERAL_NULL_CONVERSION = YES;
				CLANG_WARN_OBJC_IMPLICIT_RETAIN_SELF = YES;
				CLANG_WARN_OBJC_LITERAL_CONVERSION = YES;
				CLANG_WARN_OBJC_ROOT_CLASS = YES_ERROR;
				CLANG_WARN_QUOTED_INCLUDE_IN_FRAMEWORK_HEADER = YES;
				CLANG_WARN_RANGE_LOOP_ANALYSIS = YES;
				CLANG_WARN_STRICT_PROTOTYPES = YES;
				CLANG_WARN_SUSPICIOUS_MOVE = YES;
				CLANG_WARN_UNGUARDED_AVAILABILITY = YES_AGGRESSIVE;
				CLANG_WARN_UNREACHABLE_CODE = YES;
				CLANG_WARN__DUPLICATE_METHOD_MATCH = YES;
				COPY_PHASE_STRIP = NO;
				DEBUG_INFORMATION_FORMAT = "dwarf-with-dsym";
				DEVELOPMENT_TEAM = UKXWZ3FS84;
				ENABLE_NS_ASSERTIONS = NO;
				ENABLE_STRICT_OBJC_MSGSEND = YES;
				ENABLE_USER_SCRIPT_SANDBOXING = YES;
				GCC_C_LANGUAGE_STANDARD = gnu17;
				GCC_NO_COMMON_BLOCKS = YES;
				GCC_WARN_64_TO_32_BIT_CONVERSION = YES;
				GCC_WARN_ABOUT_RETURN_TYPE = YES_ERROR;
				GCC_WARN_UNDECLARED_SELECTOR = YES;
				GCC_WARN_UNINITIALIZED_AUTOS = YES_AGGRESSIVE;
				GCC_WARN_UNUSED_FUNCTION = YES;
				GCC_WARN_UNUSED_VARIABLE = YES;
				IPHONEOS_DEPLOYMENT_TARGET = 26.2;
				LOCALIZATION_PREFERS_STRING_CATALOGS = YES;
				MTL_ENABLE_DEBUG_INFO = NO;
				MTL_FAST_MATH = YES;
				SDKROOT = iphoneos;
				STRING_CATALOG_GENERATE_SYMBOLS = YES;
				SWIFT_COMPILATION_MODE = wholemodule;
				VALIDATE_PRODUCT = YES;
			};
			name = Release;
		};
		1825844B2F17E3270088449D /* Debug */ = {
			isa = XCBuildConfiguration;
			buildSettings = {
				ASSETCATALOG_COMPILER_APPICON_NAME = AppIcon;
				ASSETCATALOG_COMPILER_GLOBAL_ACCENT_COLOR_NAME = AccentColor;
				CODE_SIGN_STYLE = Automatic;
				CURRENT_PROJECT_VERSION = 1;
				DEVELOPMENT_TEAM = UKXWZ3FS84;
				ENABLE_PREVIEWS = YES;
				GENERATE_INFOPLIST_FILE = YES;
				INFOPLIST_KEY_UIApplicationSceneManifest_Generation = YES;
				INFOPLIST_KEY_UIApplicationSupportsIndirectInputEvents = YES;
				INFOPLIST_KEY_UILaunchScreen_Generation = YES;
				INFOPLIST_KEY_UISupportedInterfaceOrientations_iPad = "UIInterfaceOrientationPortrait UIInterfaceOrientationPortraitUpsideDown UIInterfaceOrientationLandscapeLeft UIInterfaceOrientationLandscapeRight";
				INFOPLIST_KEY_UISupportedInterfaceOrientations_iPhone = "UIInterfaceOrientationPortrait UIInterfaceOrientationLandscapeLeft UIInterfaceOrientationLandscapeRight";
				LD_RUNPATH_SEARCH_PATHS = (
					"$(inherited)",
					"@executable_path/Frameworks",
				);
				MARKETING_VERSION = 1.0;
				PRODUCT_BUNDLE_IDENTIFIER = com.tango.TGReduxKitDemo;
				PRODUCT_NAME = "$(TARGET_NAME)";
				STRING_CATALOG_GENERATE_SYMBOLS = YES;
				SWIFT_APPROACHABLE_CONCURRENCY = YES;
				SWIFT_DEFAULT_ACTOR_ISOLATION = MainActor;
				SWIFT_EMIT_LOC_STRINGS = YES;
				SWIFT_UPCOMING_FEATURE_MEMBER_IMPORT_VISIBILITY = YES;
				SWIFT_VERSION = 5.0;
				TARGETED_DEVICE_FAMILY = "1,2";
			};
			name = Debug;
		};
		1825844C2F17E3270088449D /* Release */ = {
			isa = XCBuildConfiguration;
			buildSettings = {
				ASSETCATALOG_COMPILER_APPICON_NAME = AppIcon;
				ASSETCATALOG_COMPILER_GLOBAL_ACCENT_COLOR_NAME = AccentColor;
				CODE_SIGN_STYLE = Automatic;
				CURRENT_PROJECT_VERSION = 1;
				DEVELOPMENT_TEAM = UKXWZ3FS84;
				ENABLE_PREVIEWS = YES;
				GENERATE_INFOPLIST_FILE = YES;
				INFOPLIST_KEY_UIApplicationSceneManifest_Generation = YES;
				INFOPLIST_KEY_UIApplicationSupportsIndirectInputEvents = YES;
				INFOPLIST_KEY_UILaunchScreen_Generation = YES;
				INFOPLIST_KEY_UISupportedInterfaceOrientations_iPad = "UIInterfaceOrientationPortrait UIInterfaceOrientationPortraitUpsideDown UIInterfaceOrientationLandscapeLeft UIInterfaceOrientationLandscapeRight";
				INFOPLIST_KEY_UISupportedInterfaceOrientations_iPhone = "UIInterfaceOrientationPortrait UIInterfaceOrientationLandscapeLeft UIInterfaceOrientationLandscapeRight";
				LD_RUNPATH_SEARCH_PATHS = (
					"$(inherited)",
					"@executable_path/Frameworks",
				);
				MARKETING_VERSION = 1.0;
				PRODUCT_BUNDLE_IDENTIFIER = com.tango.TGReduxKitDemo;
				PRODUCT_NAME = "$(TARGET_NAME)";
				STRING_CATALOG_GENERATE_SYMBOLS = YES;
				SWIFT_APPROACHABLE_CONCURRENCY = YES;
				SWIFT_DEFAULT_ACTOR_ISOLATION = MainActor;
				SWIFT_EMIT_LOC_STRINGS = YES;
				SWIFT_UPCOMING_FEATURE_MEMBER_IMPORT_VISIBILITY = YES;
				SWIFT_VERSION = 5.0;
				TARGETED_DEVICE_FAMILY = "1,2";
			};
			name = Release;
		};
		1825844E2F17E3270088449D /* Debug */ = {
			isa = XCBuildConfiguration;
			buildSettings = {
				BUNDLE_LOADER = "$(TEST_HOST)";
				CODE_SIGN_STYLE = Automatic;
				CURRENT_PROJECT_VERSION = 1;
				DEVELOPMENT_TEAM = UKXWZ3FS84;
				GENERATE_INFOPLIST_FILE = YES;
				IPHONEOS_DEPLOYMENT_TARGET = 26.2;
				MARKETING_VERSION = 1.0;
				PRODUCT_BUNDLE_IDENTIFIER = com.tango.TGReduxKitDemoTests;
				PRODUCT_NAME = "$(TARGET_NAME)";
				STRING_CATALOG_GENERATE_SYMBOLS = NO;
				SWIFT_APPROACHABLE_CONCURRENCY = YES;
				SWIFT_EMIT_LOC_STRINGS = NO;
				SWIFT_UPCOMING_FEATURE_MEMBER_IMPORT_VISIBILITY = YES;
				SWIFT_VERSION = 5.0;
				TARGETED_DEVICE_FAMILY = "1,2";
				TEST_HOST = "$(BUILT_PRODUCTS_DIR)/TGReduxKitDemo.app/$(BUNDLE_EXECUTABLE_FOLDER_PATH)/TGReduxKitDemo";
			};
			name = Debug;
		};
		1825844F2F17E3270088449D /* Release */ = {
			isa = XCBuildConfiguration;
			buildSettings = {
				BUNDLE_LOADER = "$(TEST_HOST)";
				CODE_SIGN_STYLE = Automatic;
				CURRENT_PROJECT_VERSION = 1;
				DEVELOPMENT_TEAM = UKXWZ3FS84;
				GENERATE_INFOPLIST_FILE = YES;
				IPHONEOS_DEPLOYMENT_TARGET = 26.2;
				MARKETING_VERSION = 1.0;
				PRODUCT_BUNDLE_IDENTIFIER = com.tango.TGReduxKitDemoTests;
				PRODUCT_NAME = "$(TARGET_NAME)";
				STRING_CATALOG_GENERATE_SYMBOLS = NO;
				SWIFT_APPROACHABLE_CONCURRENCY = YES;
				SWIFT_EMIT_LOC_STRINGS = NO;
				SWIFT_UPCOMING_FEATURE_MEMBER_IMPORT_VISIBILITY = YES;
				SWIFT_VERSION = 5.0;
				TARGETED_DEVICE_FAMILY = "1,2";
				TEST_HOST = "$(BUILT_PRODUCTS_DIR)/TGReduxKitDemo.app/$(BUNDLE_EXECUTABLE_FOLDER_PATH)/TGReduxKitDemo";
			};
			name = Release;
		};
		182584512F17E3270088449D /* Debug */ = {
			isa = XCBuildConfiguration;
			buildSettings = {
				CODE_SIGN_STYLE = Automatic;
				CURRENT_PROJECT_VERSION = 1;
				DEVELOPMENT_TEAM = UKXWZ3FS84;
				GENERATE_INFOPLIST_FILE = YES;
				MARKETING_VERSION = 1.0;
				PRODUCT_BUNDLE_IDENTIFIER = com.tango.TGReduxKitDemoUITests;
				PRODUCT_NAME = "$(TARGET_NAME)";
				STRING_CATALOG_GENERATE_SYMBOLS = NO;
				SWIFT_APPROACHABLE_CONCURRENCY = YES;
				SWIFT_EMIT_LOC_STRINGS = NO;
				SWIFT_UPCOMING_FEATURE_MEMBER_IMPORT_VISIBILITY = YES;
				SWIFT_VERSION = 5.0;
				TARGETED_DEVICE_FAMILY = "1,2";
				TEST_TARGET_NAME = TGReduxKitDemo;
			};
			name = Debug;
		};
		182584522F17E3270088449D /* Release */ = {
			isa = XCBuildConfiguration;
			buildSettings = {
				CODE_SIGN_STYLE = Automatic;
				CURRENT_PROJECT_VERSION = 1;
				DEVELOPMENT_TEAM = UKXWZ3FS84;
				GENERATE_INFOPLIST_FILE = YES;
				MARKETING_VERSION = 1.0;
				PRODUCT_BUNDLE_IDENTIFIER = com.tango.TGReduxKitDemoUITests;
				PRODUCT_NAME = "$(TARGET_NAME)";
				STRING_CATALOG_GENERATE_SYMBOLS = NO;
				SWIFT_APPROACHABLE_CONCURRENCY = YES;
				SWIFT_EMIT_LOC_STRINGS = NO;
				SWIFT_UPCOMING_FEATURE_MEMBER_IMPORT_VISIBILITY = YES;
				SWIFT_VERSION = 5.0;
				TARGETED_DEVICE_FAMILY = "1,2";
				TEST_TARGET_NAME = TGReduxKitDemo;
			};
			name = Release;
		};
/* End XCBuildConfiguration section */

/* Begin XCConfigurationList section */
		182584242F17E3260088449D /* Build configuration list for PBXProject "TGReduxKitDemo" */ = {
			isa = XCConfigurationList;
			buildConfigurations = (
				182584482F17E3270088449D /* Debug */,
				182584492F17E3270088449D /* Release */,
			);
			defaultConfigurationIsVisible = 0;
			defaultConfigurationName = Release;
		};
		1825844A2F17E3270088449D /* Build configuration list for PBXNativeTarget "TGReduxKitDemo" */ = {
			isa = XCConfigurationList;
			buildConfigurations = (
				1825844B2F17E3270088449D /* Debug */,
				1825844C2F17E3270088449D /* Release */,
			);
			defaultConfigurationIsVisible = 0;
			defaultConfigurationName = Release;
		};
		1825844D2F17E3270088449D /* Build configuration list for PBXNativeTarget "TGReduxKitDemoTests" */ = {
			isa = XCConfigurationList;
			buildConfigurations = (
				1825844E2F17E3270088449D /* Debug */,
				1825844F2F17E3270088449D /* Release */,
			);
			defaultConfigurationIsVisible = 0;
			defaultConfigurationName = Release;
		};
		182584502F17E3270088449D /* Build configuration list for PBXNativeTarget "TGReduxKitDemoUITests" */ = {
			isa = XCConfigurationList;
			buildConfigurations = (
				182584512F17E3270088449D /* Debug */,
				182584522F17E3270088449D /* Release */,
			);
			defaultConfigurationIsVisible = 0;
			defaultConfigurationName = Release;
		};
/* End XCConfigurationList section */

/* Begin XCLocalSwiftPackageReference section */
		181A97742F17EB0100053FDC /* XCLocalSwiftPackageReference "../../../TGReduxKit" */ = {
			isa = XCLocalSwiftPackageReference;
			relativePath = ../../../TGReduxKit;
		};
		18F0A0032F17E6350088449D /* XCLocalSwiftPackageReference "../../../TGNavigationStack" */ = {
			isa = XCLocalSwiftPackageReference;
			relativePath = ../../../TGNavigationStack;
		};
		18F0A0122F17E6350088449D /* XCLocalSwiftPackageReference "Shopping" */ = {
			isa = XCLocalSwiftPackageReference;
			relativePath = Shopping;
		};
/* End XCLocalSwiftPackageReference section */

/* Begin XCSwiftPackageProductDependency section */
		181A97752F17EB0100053FDC /* TGReduxKit */ = {
			isa = XCSwiftPackageProductDependency;
			productName = TGReduxKit;
		};
		182584872F17E6350088449D /* TGReduxKit */ = {
			isa = XCSwiftPackageProductDependency;
			productName = TGReduxKit;
		};
		18F0A0002F17E6350088449D /* TGNavigationStack */ = {
			isa = XCSwiftPackageProductDependency;
			package = 18F0A0032F17E6350088449D /* XCLocalSwiftPackageReference "../../../TGNavigationStack" */;
			productName = TGNavigationStack;
		};
		18F0A0102F17E6350088449D /* Shopping */ = {
			isa = XCSwiftPackageProductDependency;
			package = 18F0A0122F17E6350088449D /* XCLocalSwiftPackageReference "Shopping" */;
			productName = Shopping;
		};
		18F0A0142F17E6350088449D /* Shopping */ = {
			isa = XCSwiftPackageProductDependency;
			package = 18F0A0122F17E6350088449D /* XCLocalSwiftPackageReference "Shopping" */;
			productName = Shopping;
		};
/* End XCSwiftPackageProductDependency section */
	};
	rootObject = 182584212F17E3260088449D /* Project object */;
}
